Microsoft Visual Studio Solution File, Format Version 12.00
# Visual Studio Version 17
VisualStudioVersion = 17.13.35931.197
MinimumVisualStudioVersion = 10.0.40219.1
Project("{FAE04EC0-301F-11D3-BF4B-00C04F79EFBC}") = "snfcofcBlzrwb", "snfcofcBlzrwb\snfcofcBlzrwb.csproj", "{A85CE229-9C9A-4F4E-9F7B-2B6855245BCA}"
EndProject
Project("{FAE04EC0-301F-11D3-BF4B-00C04F79EFBC}") = "snfcofcBlzrwb.Shared", "snfcofcBlzrwb.Shared\snfcofcBlzrwb.Shared.csproj", "{BCFC162F-90C5-4056-A32C-7C0393117B39}"
EndProject
Project("{FAE04EC0-301F-11D3-BF4B-00C04F79EFBC}") = "snfcofcBlzrwb.Web", "snfcofcBlzrwb.Web\snfcofcBlzrwb.Web.csproj", "{246C0CB4-3EC4-4C40-A703-71E303E3F3FA}"
EndProject
Project("{FAE04EC0-301F-11D3-BF4B-00C04F79EFBC}") = "snfcofcBlzrwb.Web.Client", "snfcofcBlzrwb.Web.Client\snfcofcBlzrwb.Web.Client.csproj", "{3F89A494-8B80-474F-8871-AF5914C38EE8}"
EndProject
Global
	GlobalSection(SolutionConfigurationPlatforms) = preSolution
		Debug|Any CPU = Debug|Any CPU
		Release|Any CPU = Release|Any CPU
	EndGlobalSection
	GlobalSection(ProjectConfigurationPlatforms) = postSolution
		{A85CE229-9C9A-4F4E-9F7B-2B6855245BCA}.Debug|Any CPU.ActiveCfg = Debug|Any CPU
		{A85CE229-9C9A-4F4E-9F7B-2B6855245BCA}.Debug|Any CPU.Build.0 = Debug|Any CPU
		{A85CE229-9C9A-4F4E-9F7B-2B6855245BCA}.Debug|Any CPU.Deploy.0 = Debug|Any CPU
		{A85CE229-9C9A-4F4E-9F7B-2B6855245BCA}.Release|Any CPU.ActiveCfg = Release|Any CPU
		{A85CE229-9C9A-4F4E-9F7B-2B6855245BCA}.Release|Any CPU.Build.0 = Release|Any CPU
		{A85CE229-9C9A-4F4E-9F7B-2B6855245BCA}.Release|Any CPU.Deploy.0 = Release|Any CPU
		{BCFC162F-90C5-4056-A32C-7C0393117B39}.Debug|Any CPU.ActiveCfg = Debug|Any CPU
		{BCFC162F-90C5-4056-A32C-7C0393117B39}.Debug|Any CPU.Build.0 = Debug|Any CPU
		{BCFC162F-90C5-4056-A32C-7C0393117B39}.Release|Any CPU.ActiveCfg = Release|Any CPU
		{BCFC162F-90C5-4056-A32C-7C0393117B39}.Release|Any CPU.Build.0 = Release|Any CPU
		{246C0CB4-3EC4-4C40-A703-71E303E3F3FA}.Debug|Any CPU.ActiveCfg = Debug|Any CPU
		{246C0CB4-3EC4-4C40-A703-71E303E3F3FA}.Debug|Any CPU.Build.0 = Debug|Any CPU
		{246C0CB4-3EC4-4C40-A703-71E303E3F3FA}.Release|Any CPU.ActiveCfg = Release|Any CPU
		{246C0CB4-3EC4-4C40-A703-71E303E3F3FA}.Release|Any CPU.Build.0 = Release|Any CPU
		{3F89A494-8B80-474F-8871-AF5914C38EE8}.Debug|Any CPU.ActiveCfg = Debug|Any CPU
		{3F89A494-8B80-474F-8871-AF5914C38EE8}.Debug|Any CPU.Build.0 = Debug|Any CPU
		{3F89A494-8B80-474F-8871-AF5914C38EE8}.Release|Any CPU.ActiveCfg = Release|Any CPU
		{3F89A494-8B80-474F-8871-AF5914C38EE8}.Release|Any CPU.Build.0 = Release|Any CPU
	EndGlobalSection
	GlobalSection(SolutionProperties) = preSolution
		HideSolutionNode = FALSE
	EndGlobalSection
	GlobalSection(ExtensibilityGlobals) = postSolution
		SolutionGuid = {80ED4959-4421-421D-A782-4EC446A988B3}
	EndGlobalSection
EndGlobal
